
Microsoft Visual Studio Solution File, Format Version 12.00
# Visual Studio Version 17
VisualStudioVersion = 17.0.31903.59
MinimumVisualStudioVersion = 10.0.40219.1
Project("{2150E333-8FDC-42A3-9474-1A3956D46DE8}") = "src", "src", "{26DA755D-57FA-464D-9246-C6936110FCDD}"
EndProject
Project("{2150E333-8FDC-42A3-9474-1A3956D46DE8}") = "test", "test", "{40B1587C-3EC9-4641-990D-0E78F11CC631}"
EndProject
Project("{FAE04EC0-301F-11D3-BF4B-00C04F79EFBC}") = "BuildingBlocks.SourceGenerators", "src\BuildingBlocks.SourceGenerators\BuildingBlocks.SourceGenerators.csproj", "{83D65955-04FE-4C18-AA9C-A7230B5BC509}"
EndProject
Project("{FAE04EC0-301F-11D3-BF4B-00C04F79EFBC}") = "BuildingBlocks.DependencyInjection.Attributes", "src\BuildingBlocks.DependencyInjection.Attributes\BuildingBlocks.DependencyInjection.Attributes.csproj", "{F34A0F38-5239-45E1-8B9E-E9F93530DD77}"
EndProject
Project("{FAE04EC0-301F-11D3-BF4B-00C04F79EFBC}") = "BuildingBlocks.Reflection", "src\BuildingBlocks.Reflection\BuildingBlocks.Reflection.csproj", "{B52CE047-2B0B-4FE6-8FBB-3F8672E622A0}"
EndProject
Project("{FAE04EC0-301F-11D3-BF4B-00C04F79EFBC}") = "BuildingBlocks.ReflectionTest", "test\BuildingBlocks.ReflectionTest\BuildingBlocks.ReflectionTest.csproj", "{8251CCF4-32DE-471D-AC03-49581B00CA20}"
EndProject
Project("{FAE04EC0-301F-11D3-BF4B-00C04F79EFBC}") = "BuildingBlocks.Aspects.Abstractions", "src\BuildingBlocks.Aspects.Abstractions\BuildingBlocks.Aspects.Abstractions\BuildingBlocks.Aspects.Abstractions.csproj", "{6E95D9F0-DF12-47B3-85EE-EFE5D3A0B885}"
EndProject
Project("{FAE04EC0-301F-11D3-BF4B-00C04F79EFBC}") = "BuildingBlocks.Aspects.Attributes", "src\BuildingBlocks.Aspects.Attributes\BuildingBlocks.Aspects.Attributes.csproj", "{538E01C8-A00C-4870-8691-AB38B3C2EB63}"
EndProject
Project("{FAE04EC0-301F-11D3-BF4B-00C04F79EFBC}") = "BuildingBlocks.SourceGeneratorsTest", "test\BuildingBlocks.SourceGeneratorTest\BuildingBlocks.SourceGeneratorsTest.csproj", "{CB98E7DD-9ACE-4670-9206-B6CA6E6728FC}"
EndProject
Global
	GlobalSection(SolutionConfigurationPlatforms) = preSolution
		Debug|Any CPU = Debug|Any CPU
		Release|Any CPU = Release|Any CPU
	EndGlobalSection
	GlobalSection(ProjectConfigurationPlatforms) = postSolution
		{83D65955-04FE-4C18-AA9C-A7230B5BC509}.Debug|Any CPU.ActiveCfg = Debug|Any CPU
		{83D65955-04FE-4C18-AA9C-A7230B5BC509}.Debug|Any CPU.Build.0 = Debug|Any CPU
		{83D65955-04FE-4C18-AA9C-A7230B5BC509}.Release|Any CPU.ActiveCfg = Release|Any CPU
		{83D65955-04FE-4C18-AA9C-A7230B5BC509}.Release|Any CPU.Build.0 = Release|Any CPU
		{F34A0F38-5239-45E1-8B9E-E9F93530DD77}.Debug|Any CPU.ActiveCfg = Debug|Any CPU
		{F34A0F38-5239-45E1-8B9E-E9F93530DD77}.Debug|Any CPU.Build.0 = Debug|Any CPU
		{F34A0F38-5239-45E1-8B9E-E9F93530DD77}.Release|Any CPU.ActiveCfg = Release|Any CPU
		{F34A0F38-5239-45E1-8B9E-E9F93530DD77}.Release|Any CPU.Build.0 = Release|Any CPU
		{B52CE047-2B0B-4FE6-8FBB-3F8672E622A0}.Debug|Any CPU.ActiveCfg = Debug|Any CPU
		{B52CE047-2B0B-4FE6-8FBB-3F8672E622A0}.Debug|Any CPU.Build.0 = Debug|Any CPU
		{B52CE047-2B0B-4FE6-8FBB-3F8672E622A0}.Release|Any CPU.ActiveCfg = Release|Any CPU
		{B52CE047-2B0B-4FE6-8FBB-3F8672E622A0}.Release|Any CPU.Build.0 = Release|Any CPU
		{8251CCF4-32DE-471D-AC03-49581B00CA20}.Debug|Any CPU.ActiveCfg = Debug|Any CPU
		{8251CCF4-32DE-471D-AC03-49581B00CA20}.Debug|Any CPU.Build.0 = Debug|Any CPU
		{8251CCF4-32DE-471D-AC03-49581B00CA20}.Release|Any CPU.ActiveCfg = Release|Any CPU
		{8251CCF4-32DE-471D-AC03-49581B00CA20}.Release|Any CPU.Build.0 = Release|Any CPU
		{6E95D9F0-DF12-47B3-85EE-EFE5D3A0B885}.Debug|Any CPU.ActiveCfg = Debug|Any CPU
		{6E95D9F0-DF12-47B3-85EE-EFE5D3A0B885}.Debug|Any CPU.Build.0 = Debug|Any CPU
		{6E95D9F0-DF12-47B3-85EE-EFE5D3A0B885}.Release|Any CPU.ActiveCfg = Release|Any CPU
		{6E95D9F0-DF12-47B3-85EE-EFE5D3A0B885}.Release|Any CPU.Build.0 = Release|Any CPU
		{538E01C8-A00C-4870-8691-AB38B3C2EB63}.Debug|Any CPU.ActiveCfg = Debug|Any CPU
		{538E01C8-A00C-4870-8691-AB38B3C2EB63}.Debug|Any CPU.Build.0 = Debug|Any CPU
		{538E01C8-A00C-4870-8691-AB38B3C2EB63}.Release|Any CPU.ActiveCfg = Release|Any CPU
		{538E01C8-A00C-4870-8691-AB38B3C2EB63}.Release|Any CPU.Build.0 = Release|Any CPU
		{CB98E7DD-9ACE-4670-9206-B6CA6E6728FC}.Debug|Any CPU.ActiveCfg = Debug|Any CPU
		{CB98E7DD-9ACE-4670-9206-B6CA6E6728FC}.Debug|Any CPU.Build.0 = Debug|Any CPU
		{CB98E7DD-9ACE-4670-9206-B6CA6E6728FC}.Release|Any CPU.ActiveCfg = Release|Any CPU
		{CB98E7DD-9ACE-4670-9206-B6CA6E6728FC}.Release|Any CPU.Build.0 = Release|Any CPU
	EndGlobalSection
	GlobalSection(SolutionProperties) = preSolution
		HideSolutionNode = FALSE
	EndGlobalSection
	GlobalSection(NestedProjects) = preSolution
		{83D65955-04FE-4C18-AA9C-A7230B5BC509} = {26DA755D-57FA-464D-9246-C6936110FCDD}
		{F34A0F38-5239-45E1-8B9E-E9F93530DD77} = {26DA755D-57FA-464D-9246-C6936110FCDD}
		{B52CE047-2B0B-4FE6-8FBB-3F8672E622A0} = {26DA755D-57FA-464D-9246-C6936110FCDD}
		{8251CCF4-32DE-471D-AC03-49581B00CA20} = {40B1587C-3EC9-4641-990D-0E78F11CC631}
		{6E95D9F0-DF12-47B3-85EE-EFE5D3A0B885} = {26DA755D-57FA-464D-9246-C6936110FCDD}
		{538E01C8-A00C-4870-8691-AB38B3C2EB63} = {26DA755D-57FA-464D-9246-C6936110FCDD}
		{CB98E7DD-9ACE-4670-9206-B6CA6E6728FC} = {40B1587C-3EC9-4641-990D-0E78F11CC631}
	EndGlobalSection
EndGlobal
