
Microsoft Visual Studio Solution File, Format Version 12.00
# Visual Studio Version 17
VisualStudioVersion = 17.0.31903.59
MinimumVisualStudioVersion = 10.0.40219.1
Project("{2150E333-8FDC-42A3-9474-1A3956D46DE8}") = "src", "src", "{26DA755D-57FA-464D-9246-C6936110FCDD}"
EndProject
Project("{2150E333-8FDC-42A3-9474-1A3956D46DE8}") = "test", "test", "{40B1587C-3EC9-4641-990D-0E78F11CC631}"
EndProject
Project("{FAE04EC0-301F-11D3-BF4B-00C04F79EFBC}") = "BuildingBlocks.SourceGenerators", "src\BuildingBlocks.SourceGenerators\BuildingBlocks.SourceGenerators.csproj", "{83D65955-04FE-4C18-AA9C-A7230B5BC509}"
EndProject
Project("{FAE04EC0-301F-11D3-BF4B-00C04F79EFBC}") = "BuildingBlocks.DependencyInjection.Attributes", "src\BuildingBlocks.DependencyInjection.Attributes\BuildingBlocks.DependencyInjection.Attributes.csproj", "{F34A0F38-5239-45E1-8B9E-E9F93530DD77}"
EndProject
Project("{FAE04EC0-301F-11D3-BF4B-00C04F79EFBC}") = "BuildingBlocks.SourceGeneratorsTest", "test\BuildingBlocks.SourceGeneratorsTest\BuildingBlocks.SourceGeneratorsTest.csproj", "{CB98E7DD-9ACE-4670-9206-B6CA6E6728FC}"
EndProject
Project("{2150E333-8FDC-42A3-9474-1A3956D46DE8}") = "Solution Items", "Solution Items", "{DC9D3FBD-DC82-474A-ADAD-FE57F6C31DE5}"
	ProjectSection(SolutionItems) = preProject
		.editorconfig = .editorconfig
		.gitattributes = .gitattributes
		.gitignore = .gitignore
	EndProjectSection
EndProject
Project("{FAE04EC0-301F-11D3-BF4B-00C04F79EFBC}") = "BuildingBlocks.Reflection.Attributes", "src\BuildingBlocks.Reflection.Attributes\BuildingBlocks.Reflection.Attributes.csproj", "{37347059-CBAA-4B01-A946-33919154AE9A}"
EndProject
Project("{FAE04EC0-301F-11D3-BF4B-00C04F79EFBC}") = "BuildingBlocks.Interceptors.Abstractions", "src\BuildingBlocks.Interceptors.Abstractions\BuildingBlocks.Interceptors.Abstractions.csproj", "{E6620036-3987-4CFB-BACA-4594D09F1B88}"
EndProject
Project("{FAE04EC0-301F-11D3-BF4B-00C04F79EFBC}") = "BuildingBlocks.Interceptors.Attributes", "src\BuildingBlocks.Interceptors.Attributes\BuildingBlocks.Interceptors.Attributes.csproj", "{E400E988-4A27-4565-88F6-C78188536681}"
EndProject
Project("{FAE04EC0-301F-11D3-BF4B-00C04F79EFBC}") = "BuildingBlocks.Reflection.Abstractions", "src\BuildingBlocks.Reflection.Abstractions\BuildingBlocks.Reflection.Abstractions.csproj", "{5CA805BB-E294-4DDE-B070-16D50E3F32E2}"
EndProject
Global
	GlobalSection(SolutionConfigurationPlatforms) = preSolution
		Debug|Any CPU = Debug|Any CPU
		Release|Any CPU = Release|Any CPU
	EndGlobalSection
	GlobalSection(ProjectConfigurationPlatforms) = postSolution
		{83D65955-04FE-4C18-AA9C-A7230B5BC509}.Debug|Any CPU.ActiveCfg = Debug|Any CPU
		{83D65955-04FE-4C18-AA9C-A7230B5BC509}.Debug|Any CPU.Build.0 = Debug|Any CPU
		{83D65955-04FE-4C18-AA9C-A7230B5BC509}.Release|Any CPU.ActiveCfg = Release|Any CPU
		{83D65955-04FE-4C18-AA9C-A7230B5BC509}.Release|Any CPU.Build.0 = Release|Any CPU
		{F34A0F38-5239-45E1-8B9E-E9F93530DD77}.Debug|Any CPU.ActiveCfg = Debug|Any CPU
		{F34A0F38-5239-45E1-8B9E-E9F93530DD77}.Debug|Any CPU.Build.0 = Debug|Any CPU
		{F34A0F38-5239-45E1-8B9E-E9F93530DD77}.Release|Any CPU.ActiveCfg = Release|Any CPU
		{F34A0F38-5239-45E1-8B9E-E9F93530DD77}.Release|Any CPU.Build.0 = Release|Any CPU
		{CB98E7DD-9ACE-4670-9206-B6CA6E6728FC}.Debug|Any CPU.ActiveCfg = Debug|Any CPU
		{CB98E7DD-9ACE-4670-9206-B6CA6E6728FC}.Debug|Any CPU.Build.0 = Debug|Any CPU
		{CB98E7DD-9ACE-4670-9206-B6CA6E6728FC}.Release|Any CPU.ActiveCfg = Release|Any CPU
		{CB98E7DD-9ACE-4670-9206-B6CA6E6728FC}.Release|Any CPU.Build.0 = Release|Any CPU
		{37347059-CBAA-4B01-A946-33919154AE9A}.Debug|Any CPU.ActiveCfg = Debug|Any CPU
		{37347059-CBAA-4B01-A946-33919154AE9A}.Debug|Any CPU.Build.0 = Debug|Any CPU
		{37347059-CBAA-4B01-A946-33919154AE9A}.Release|Any CPU.ActiveCfg = Release|Any CPU
		{37347059-CBAA-4B01-A946-33919154AE9A}.Release|Any CPU.Build.0 = Release|Any CPU
		{E6620036-3987-4CFB-BACA-4594D09F1B88}.Debug|Any CPU.ActiveCfg = Debug|Any CPU
		{E6620036-3987-4CFB-BACA-4594D09F1B88}.Debug|Any CPU.Build.0 = Debug|Any CPU
		{E6620036-3987-4CFB-BACA-4594D09F1B88}.Release|Any CPU.ActiveCfg = Release|Any CPU
		{E6620036-3987-4CFB-BACA-4594D09F1B88}.Release|Any CPU.Build.0 = Release|Any CPU
		{E400E988-4A27-4565-88F6-C78188536681}.Debug|Any CPU.ActiveCfg = Debug|Any CPU
		{E400E988-4A27-4565-88F6-C78188536681}.Debug|Any CPU.Build.0 = Debug|Any CPU
		{E400E988-4A27-4565-88F6-C78188536681}.Release|Any CPU.ActiveCfg = Release|Any CPU
		{E400E988-4A27-4565-88F6-C78188536681}.Release|Any CPU.Build.0 = Release|Any CPU
		{5CA805BB-E294-4DDE-B070-16D50E3F32E2}.Debug|Any CPU.ActiveCfg = Debug|Any CPU
		{5CA805BB-E294-4DDE-B070-16D50E3F32E2}.Debug|Any CPU.Build.0 = Debug|Any CPU
		{5CA805BB-E294-4DDE-B070-16D50E3F32E2}.Release|Any CPU.ActiveCfg = Release|Any CPU
		{5CA805BB-E294-4DDE-B070-16D50E3F32E2}.Release|Any CPU.Build.0 = Release|Any CPU
	EndGlobalSection
	GlobalSection(SolutionProperties) = preSolution
		HideSolutionNode = FALSE
	EndGlobalSection
	GlobalSection(NestedProjects) = preSolution
		{83D65955-04FE-4C18-AA9C-A7230B5BC509} = {26DA755D-57FA-464D-9246-C6936110FCDD}
		{F34A0F38-5239-45E1-8B9E-E9F93530DD77} = {26DA755D-57FA-464D-9246-C6936110FCDD}
		{CB98E7DD-9ACE-4670-9206-B6CA6E6728FC} = {40B1587C-3EC9-4641-990D-0E78F11CC631}
		{37347059-CBAA-4B01-A946-33919154AE9A} = {26DA755D-57FA-464D-9246-C6936110FCDD}
		{E6620036-3987-4CFB-BACA-4594D09F1B88} = {26DA755D-57FA-464D-9246-C6936110FCDD}
		{E400E988-4A27-4565-88F6-C78188536681} = {26DA755D-57FA-464D-9246-C6936110FCDD}
		{5CA805BB-E294-4DDE-B070-16D50E3F32E2} = {26DA755D-57FA-464D-9246-C6936110FCDD}
	EndGlobalSection
EndGlobal
